# Generated by pub
# See https://dart.dev/tools/pub/glossary#lockfile
packages:
  _fe_analyzer_shared:
    dependency: transitive
    description:
      name: _fe_analyzer_shared
      url: "https://pub.dartlang.org"
    source: hosted
    version: "5.0.0"
  analysis_server_lib:
    dependency: transitive
    description:
      name: analysis_server_lib
      url: "https://pub.dartlang.org"
    source: hosted
    version: "0.1.9"
  analyzer:
    dependency: transitive
    description:
      name: analyzer
      url: "https://pub.dartlang.org"
    source: hosted
    version: "0.39.13"
  app_intelligence:
    dependency: transitive
    description:
      name: app_intelligence
      url: "https://pub.workiva.org"
    source: hosted
    version: "2.36.1"
  archive:
    dependency: transitive
    description:
      name: archive
      url: "https://pub.dartlang.org"
    source: hosted
    version: "2.0.13"
  args:
    dependency: transitive
    description:
      name: args
      url: "https://pub.dartlang.org"
    source: hosted
    version: "1.6.0"
  async:
    dependency: transitive
    description:
      name: async
      url: "https://pub.dartlang.org"
    source: hosted
    version: "2.4.2"
  basictracer_dart:
    dependency: transitive
    description:
      name: basictracer_dart
      url: "https://pub.workiva.org"
    source: hosted
    version: "1.1.1"
  bazel_worker:
    dependency: transitive
    description:
      name: bazel_worker
      url: "https://pub.dartlang.org"
    source: hosted
    version: "0.1.25"
  bigsky_rest_files:
    dependency: transitive
    description:
      name: bigsky_rest_files
      url: "https://pub.workiva.org"
    source: hosted
    version: "1.8.4"
  boolean_selector:
    dependency: transitive
    description:
      name: boolean_selector
      url: "https://pub.dartlang.org"
    source: hosted
    version: "2.0.0"
  browser_storage:
    dependency: transitive
    description:
      name: browser_storage
      url: "https://pub.workiva.org"
    source: hosted
    version: "0.1.6"
  build:
    dependency: transitive
    description:
      name: build
      url: "https://pub.dartlang.org"
    source: hosted
    version: "1.3.0"
  build_config:
    dependency: transitive
    description:
      name: build_config
      url: "https://pub.dartlang.org"
    source: hosted
    version: "0.4.2"
  build_daemon:
    dependency: transitive
    description:
      name: build_daemon
      url: "https://pub.dartlang.org"
    source: hosted
    version: "2.1.4"
  build_modules:
    dependency: transitive
    description:
      name: build_modules
      url: "https://pub.dartlang.org"
    source: hosted
    version: "2.8.1"
  build_resolvers:
    dependency: transitive
    description:
      name: build_resolvers
      url: "https://pub.dartlang.org"
    source: hosted
    version: "1.3.10"
  build_runner:
    dependency: "direct dev"
    description:
      name: build_runner
      url: "https://pub.dartlang.org"
    source: hosted
    version: "1.10.0"
  build_runner_core:
    dependency: transitive
    description:
      name: build_runner_core
      url: "https://pub.dartlang.org"
    source: hosted
    version: "5.2.0"
  build_test:
    dependency: "direct dev"
    description:
      name: build_test
      url: "https://pub.dartlang.org"
    source: hosted
    version: "0.10.12+1"
  build_web_compilers:
    dependency: "direct dev"
    description:
      name: build_web_compilers
      url: "https://pub.dartlang.org"
    source: hosted
    version: "2.9.0"
  built_collection:
    dependency: transitive
    description:
      name: built_collection
      url: "https://pub.dartlang.org"
    source: hosted
    version: "4.3.2"
  built_redux:
    dependency: transitive
    description:
      name: built_redux
      url: "https://pub.dartlang.org"
    source: hosted
    version: "7.5.11"
  built_value:
    dependency: transitive
    description:
      name: built_value
      url: "https://pub.dartlang.org"
    source: hosted
    version: "7.1.0"
  built_value_generator:
    dependency: "direct dev"
    description:
      name: built_value_generator
      url: "https://pub.dartlang.org"
    source: hosted
    version: "7.1.0"
  charcode:
    dependency: transitive
    description:
      name: charcode
      url: "https://pub.dartlang.org"
    source: hosted
    version: "1.1.3"
  checked_yaml:
    dependency: transitive
    description:
      name: checked_yaml
      url: "https://pub.dartlang.org"
    source: hosted
    version: "1.0.2"
  cli_repl:
    dependency: transitive
    description:
      name: cli_repl
      url: "https://pub.dartlang.org"
    source: hosted
    version: "0.2.0+1"
  cli_util:
    dependency: transitive
    description:
      name: cli_util
      url: "https://pub.dartlang.org"
    source: hosted
    version: "0.2.0"
  code_builder:
    dependency: transitive
    description:
      name: code_builder
      url: "https://pub.dartlang.org"
    source: hosted
    version: "3.4.0"
  collection:
    dependency: transitive
    description:
      name: collection
      url: "https://pub.dartlang.org"
    source: hosted
    version: "1.14.13"
  color:
    dependency: transitive
    description:
      name: color
      url: "https://pub.dartlang.org"
    source: hosted
    version: "2.1.1"
  colorize:
    dependency: transitive
    description:
      name: colorize
      url: "https://pub.dartlang.org"
    source: hosted
    version: "2.0.0"
  completion:
    dependency: transitive
    description:
      name: completion
      url: "https://pub.dartlang.org"
    source: hosted
    version: "0.2.2"
  convert:
    dependency: transitive
    description:
      name: convert
      url: "https://pub.dartlang.org"
    source: hosted
    version: "2.1.1"
  cooky:
    dependency: transitive
    description:
      name: cooky
      url: "https://pub.dartlang.org"
    source: hosted
    version: "1.0.2"
  coverage:
    dependency: transitive
    description:
      name: coverage
      url: "https://pub.dartlang.org"
    source: hosted
    version: "0.14.0"
  crypto:
    dependency: transitive
    description:
      name: crypto
      url: "https://pub.dartlang.org"
    source: hosted
    version: "2.1.5"
  csslib:
    dependency: transitive
    description:
      name: csslib
      url: "https://pub.dartlang.org"
    source: hosted
    version: "0.15.0"
  dart2_constant:
    dependency: transitive
    description:
      name: dart2_constant
      url: "https://pub.dartlang.org"
    source: hosted
    version: "1.0.2+dart2"
  dart_dev:
    dependency: "direct dev"
    description:
      name: dart_dev
      url: "https://pub.dartlang.org"
    source: hosted
    version: "3.5.0"
  dart_dev_workiva:
    dependency: "direct dev"
    description:
      name: dart_dev_workiva
      url: "https://pub.workiva.org"
    source: hosted
    version: "1.2.2"
  dart_style:
    dependency: "direct dev"
    description:
      name: dart_style
      url: "https://pub.dartlang.org"
    source: hosted
    version: "1.3.6"
  diff_match_patch:
    dependency: transitive
    description:
      name: diff_match_patch
      url: "https://pub.dartlang.org"
    source: hosted
    version: "0.3.0"
  dnd:
    dependency: transitive
    description:
      name: dnd
      url: "https://pub.dartlang.org"
    source: hosted
    version: "1.4.3"
  faker:
    dependency: transitive
    description:
      name: faker
      url: "https://pub.dartlang.org"
    source: hosted
    version: "1.2.1"
  fixnum:
    dependency: transitive
    description:
      name: fixnum
      url: "https://pub.dartlang.org"
    source: hosted
    version: "0.10.11"
  fluri:
    dependency: transitive
    description:
      name: fluri
      url: "https://pub.dartlang.org"
    source: hosted
    version: "1.2.8"
  focus:
    dependency: transitive
    description:
      name: focus
      url: "https://pub.workiva.org"
    source: hosted
    version: "1.3.0"
  font_face_observer:
    dependency: transitive
    description:
      name: font_face_observer
      url: "https://pub.dartlang.org"
    source: hosted
    version: "2.0.13"
  frugal:
    dependency: transitive
    description:
      name: frugal
      url: "https://pub.workiva.org"
    source: hosted
    version: "3.9.6"
  glob:
    dependency: transitive
    description:
      name: glob
      url: "https://pub.dartlang.org"
    source: hosted
    version: "1.2.0"
  graphs:
    dependency: transitive
    description:
      name: graphs
      url: "https://pub.dartlang.org"
    source: hosted
    version: "0.2.0"
  html:
    dependency: transitive
    description:
      name: html
      url: "https://pub.dartlang.org"
    source: hosted
    version: "0.13.4+2"
  http:
    dependency: transitive
    description:
      name: http
      url: "https://pub.dartlang.org"
    source: hosted
    version: "0.12.1"
  http_multi_server:
    dependency: transitive
    description:
      name: http_multi_server
      url: "https://pub.dartlang.org"
    source: hosted
    version: "2.2.0"
  http_parser:
    dependency: transitive
    description:
      name: http_parser
      url: "https://pub.dartlang.org"
    source: hosted
    version: "3.1.4"
  iam_landing_page:
    dependency: transitive
    description:
      name: iam_landing_page
      url: "https://pub.workiva.org"
    source: hosted
    version: "2.0.19"
  image:
    dependency: transitive
    description:
      name: image
      url: "https://pub.dartlang.org"
    source: hosted
    version: "2.1.14"
  intl:
    dependency: transitive
    description:
      name: intl
      url: "https://pub.dartlang.org"
    source: hosted
    version: "0.15.8"
  io:
    dependency: transitive
    description:
      name: io
      url: "https://pub.dartlang.org"
    source: hosted
    version: "0.3.4"
  isolate:
    dependency: transitive
    description:
      name: isolate
      url: "https://pub.dartlang.org"
    source: hosted
    version: "2.0.3"
  js:
    dependency: transitive
    description:
      name: js
      url: "https://pub.dartlang.org"
    source: hosted
    version: "0.6.2"
  json_annotation:
    dependency: transitive
    description:
      name: json_annotation
      url: "https://pub.dartlang.org"
    source: hosted
    version: "3.0.1"
  key_binder:
    dependency: transitive
    description:
      name: key_binder
      url: "https://pub.workiva.org"
    source: hosted
    version: "1.11.7"
  licensing_api:
    dependency: transitive
    description:
      name: licensing_api
      url: "https://pub.workiva.org"
    source: hosted
    version: "3.26.3"
  licensing_frugal:
    dependency: transitive
    description:
      name: licensing_frugal
      url: "https://pub.workiva.org"
    source: hosted
    version: "4.123.0"
  logging:
    dependency: transitive
    description:
      name: logging
      url: "https://pub.dartlang.org"
    source: hosted
    version: "0.11.4"
  matcher:
    dependency: transitive
    description:
      name: matcher
      url: "https://pub.dartlang.org"
    source: hosted
    version: "0.12.8"
  memoize:
    dependency: transitive
    description:
      name: memoize
      url: "https://pub.dartlang.org"
    source: hosted
    version: "2.0.0"
  messaging_sdk:
    dependency: "direct main"
    description:
      name: messaging_sdk
      url: "https://pub.workiva.org"
    source: hosted
    version: "3.8.2"
  meta:
    dependency: "direct main"
    description:
      name: meta
      url: "https://pub.dartlang.org"
    source: hosted
    version: "1.2.2"
  mime:
    dependency: transitive
    description:
      name: mime
      url: "https://pub.dartlang.org"
    source: hosted
    version: "0.9.6+3"
  mockito:
    dependency: "direct dev"
    description:
      name: mockito
      url: "https://pub.dartlang.org"
    source: hosted
    version: "4.1.1"
  node_interop:
    dependency: transitive
    description:
      name: node_interop
      url: "https://pub.dartlang.org"
    source: hosted
    version: "1.1.1"
  node_io:
    dependency: transitive
    description:
      name: node_io
      url: "https://pub.dartlang.org"
    source: hosted
    version: "1.1.1"
  node_preamble:
    dependency: transitive
    description:
      name: node_preamble
      url: "https://pub.dartlang.org"
    source: hosted
    version: "1.4.12"
  opentracing:
    dependency: transitive
    description:
      name: opentracing
      url: "https://pub.dartlang.org"
    source: hosted
    version: "1.0.1"
  over_react:
    dependency: "direct main"
    description:
      name: over_react
      url: "https://pub.dartlang.org"
    source: hosted
    version: "3.6.0"
  over_react_format:
    dependency: "direct dev"
    description:
      name: over_react_format
      url: "https://pub.workiva.org"
    source: hosted
    version: "3.2.0"
  over_react_test:
    dependency: "direct dev"
    description:
      name: over_react_test
      url: "https://pub.dartlang.org"
    source: hosted
    version: "2.9.5"
  package_config:
    dependency: transitive
    description:
      name: package_config
      url: "https://pub.dartlang.org"
    source: hosted
    version: "1.9.3"
  package_resolver:
    dependency: transitive
    description:
      name: package_resolver
      url: "https://pub.dartlang.org"
    source: hosted
    version: "1.0.10"
  path:
    dependency: transitive
    description:
      name: path
      url: "https://pub.dartlang.org"
    source: hosted
    version: "1.7.0"
  pedantic:
    dependency: transitive
    description:
      name: pedantic
      url: "https://pub.dartlang.org"
    source: hosted
    version: "1.9.2"
  petitparser:
    dependency: transitive
    description:
      name: petitparser
      url: "https://pub.dartlang.org"
    source: hosted
    version: "3.0.4"
  platform_detect:
    dependency: transitive
    description:
      name: platform_detect
      url: "https://pub.dartlang.org"
    source: hosted
    version: "1.4.0"
  pool:
    dependency: transitive
    description:
      name: pool
      url: "https://pub.dartlang.org"
    source: hosted
    version: "1.4.0"
  protobuf:
    dependency: transitive
    description:
      name: protobuf
      url: "https://pub.dartlang.org"
    source: hosted
    version: "0.14.4"
  pub_semver:
    dependency: transitive
    description:
      name: pub_semver
      url: "https://pub.dartlang.org"
    source: hosted
    version: "1.4.4"
  pubspec_parse:
    dependency: transitive
    description:
      name: pubspec_parse
      url: "https://pub.dartlang.org"
    source: hosted
    version: "0.1.5"
  puppeteer:
    dependency: transitive
    description:
      name: puppeteer
      url: "https://pub.dartlang.org"
    source: hosted
    version: "1.17.0"
  quiver:
    dependency: transitive
    description:
      name: quiver
      url: "https://pub.dartlang.org"
    source: hosted
    version: "2.1.3"
  quiver_hashcode:
    dependency: transitive
    description:
      name: quiver_hashcode
      url: "https://pub.dartlang.org"
    source: hosted
    version: "2.0.0"
  react:
    dependency: "direct dev"
    description:
      name: react
      url: "https://pub.dartlang.org"
    source: hosted
    version: "5.3.0"
  redux:
    dependency: transitive
    description:
      name: redux
      url: "https://pub.dartlang.org"
    source: hosted
    version: "4.0.0"
  redux_dev_tools:
    dependency: transitive
    description:
      name: redux_dev_tools
      url: "https://pub.dartlang.org"
    source: hosted
    version: "0.5.2"
  rxdart:
    dependency: transitive
    description:
      name: rxdart
      url: "https://pub.dartlang.org"
    source: hosted
    version: "0.20.0"
  sass:
    dependency: transitive
    description:
      name: sass
      url: "https://pub.dartlang.org"
    source: hosted
    version: "1.26.10"
  scratch_space:
    dependency: transitive
    description:
      name: scratch_space
      url: "https://pub.dartlang.org"
    source: hosted
    version: "0.0.4+2"
  shelf:
    dependency: transitive
    description:
      name: shelf
      url: "https://pub.dartlang.org"
    source: hosted
    version: "0.7.7"
  shelf_packages_handler:
    dependency: transitive
    description:
      name: shelf_packages_handler
      url: "https://pub.dartlang.org"
    source: hosted
    version: "2.0.0"
  shelf_static:
    dependency: transitive
    description:
      name: shelf_static
      url: "https://pub.dartlang.org"
    source: hosted
    version: "0.2.8"
  shelf_web_socket:
    dependency: transitive
    description:
      name: shelf_web_socket
      url: "https://pub.dartlang.org"
    source: hosted
    version: "0.2.3"
  sockjs_client:
    dependency: transitive
    description:
      path: "."
      ref: "0.3.5"
      resolved-ref: "2e8dc8d2fe8486d31b6e220277c94d746ced1691"
      url: "git://github.com/Workiva/sockjs-dart-client.git"
    source: git
    version: "0.3.5"
  sockjs_client_wrapper:
    dependency: transitive
    description:
      name: sockjs_client_wrapper
      url: "https://pub.dartlang.org"
    source: hosted
    version: "1.0.14"
  source_gen:
    dependency: transitive
    description:
      name: source_gen
      url: "https://pub.dartlang.org"
    source: hosted
    version: "0.9.6"
  source_map_stack_trace:
    dependency: transitive
    description:
      name: source_map_stack_trace
      url: "https://pub.dartlang.org"
    source: hosted
    version: "2.0.0"
  source_maps:
    dependency: transitive
    description:
      name: source_maps
      url: "https://pub.dartlang.org"
    source: hosted
    version: "0.10.9"
  source_span:
    dependency: transitive
    description:
      name: source_span
      url: "https://pub.dartlang.org"
    source: hosted
    version: "1.7.0"
  stack_trace:
    dependency: transitive
    description:
      name: stack_trace
      url: "https://pub.dartlang.org"
    source: hosted
    version: "1.9.5"
  state_machine:
    dependency: transitive
    description:
      name: state_machine
      url: "https://pub.dartlang.org"
    source: hosted
    version: "2.2.0"
  stream_channel:
    dependency: transitive
    description:
      name: stream_channel
      url: "https://pub.dartlang.org"
    source: hosted
    version: "2.0.0"
  stream_transform:
    dependency: transitive
    description:
      name: stream_transform
      url: "https://pub.dartlang.org"
    source: hosted
    version: "1.2.0"
  string_scanner:
    dependency: transitive
    description:
      name: string_scanner
      url: "https://pub.dartlang.org"
    source: hosted
    version: "1.0.5"
  sync_http:
    dependency: transitive
    description:
      name: sync_http
      url: "https://pub.dartlang.org"
    source: hosted
    version: "0.1.4"
  synchronized:
    dependency: transitive
    description:
      name: synchronized
      url: "https://pub.dartlang.org"
    source: hosted
    version: "2.2.0"
  term_glyph:
    dependency: transitive
    description:
      name: term_glyph
      url: "https://pub.dartlang.org"
    source: hosted
    version: "1.1.0"
  test:
    dependency: "direct dev"
    description:
      name: test
      url: "https://pub.dartlang.org"
    source: hosted
    version: "1.15.2"
  test_api:
    dependency: transitive
    description:
      name: test_api
      url: "https://pub.dartlang.org"
    source: hosted
    version: "0.2.17"
  test_core:
    dependency: transitive
    description:
      name: test_core
      url: "https://pub.dartlang.org"
    source: hosted
    version: "0.3.10"
  test_invoker:
    dependency: transitive
    description:
      name: test_invoker
      url: "https://pub.workiva.org"
    source: hosted
    version: "1.2.0"
  thrift:
    dependency: transitive
    description:
      name: thrift
      url: "https://pub.workiva.org"
    source: hosted
    version: "0.0.9"
  timing:
    dependency: transitive
    description:
      name: timing
      url: "https://pub.dartlang.org"
    source: hosted
    version: "0.1.1+2"
  todo2_sdk:
    dependency: "direct main"
    description:
      path: "."
      ref: "1.0.0"
      resolved-ref: c70017bc8d396ae7910c40d153bfbdce837616ab
      url: "git@github.com:thomasmaloney-wk/todo2-sdk.git"
    source: git
    version: "0.0.1"
  todo_transport:
    dependency: transitive
    description:
      path: "."
      ref: HEAD
      resolved-ref: c6c4b3b5c2d042a0b70448c3d3664433550a9a79
      url: "git@github.com:thomasmaloney-wk/todo2-transport.git"
    source: git
    version: "3.9.5"
  transformer_utils:
    dependency: transitive
    description:
      name: transformer_utils
      url: "https://pub.dartlang.org"
    source: hosted
    version: "0.2.5"
  tuneup:
    dependency: "direct dev"
    description:
      name: tuneup
      url: "https://pub.dartlang.org"
    source: hosted
    version: "0.3.7"
  tuple:
    dependency: transitive
    description:
      name: tuple
      url: "https://pub.dartlang.org"
    source: hosted
    version: "1.0.3"
  typed_data:
    dependency: transitive
    description:
      name: typed_data
      url: "https://pub.dartlang.org"
    source: hosted
    version: "1.2.0"
  undo_redo:
    dependency: transitive
    description:
      name: undo_redo
      url: "https://pub.workiva.org"
    source: hosted
    version: "1.5.3"
  user_analytics:
    dependency: transitive
    description:
      name: user_analytics
      url: "https://pub.workiva.org"
    source: hosted
    version: "3.312.0"
  utf:
    dependency: transitive
    description:
      name: utf
      url: "https://pub.dartlang.org"
    source: hosted
    version: "0.9.0+5"
  uuid:
    dependency: "direct main"
    description:
      name: uuid
      url: "https://pub.dartlang.org"
    source: hosted
    version: "1.0.3"
  vessel:
    dependency: transitive
    description:
      name: vessel
      url: "https://pub.workiva.org"
    source: hosted
    version: "4.6.75"
  vm_service:
    dependency: transitive
    description:
      name: vm_service
      url: "https://pub.dartlang.org"
    source: hosted
    version: "4.1.0"
  w_common:
    dependency: "direct main"
    description:
      name: w_common
      url: "https://pub.dartlang.org"
    source: hosted
    version: "1.20.3"
  w_context_menu:
    dependency: transitive
    description:
      name: w_context_menu
      url: "https://pub.workiva.org"
    source: hosted
    version: "5.18.0"
  w_flux:
    dependency: "direct main"
    description:
      name: w_flux
      url: "https://pub.dartlang.org"
    source: hosted
    version: "2.10.10"
  w_input_validation:
    dependency: transitive
    description:
      name: w_input_validation
      url: "https://pub.workiva.org"
    source: hosted
    version: "1.8.0"
  w_module:
    dependency: "direct main"
    description:
      name: w_module
      url: "https://pub.dartlang.org"
    source: hosted
    version: "2.0.13"
  w_router:
    dependency: transitive
    description:
      name: w_router
      url: "https://pub.workiva.org"
    source: hosted
    version: "1.1.0"
  w_session:
    dependency: "direct main"
    description:
      name: w_session
      url: "https://pub.workiva.org"
    source: hosted
    version: "6.74.1"
  w_test_tools:
    dependency: "direct dev"
    description:
      name: w_test_tools
      url: "https://pub.workiva.org"
    source: hosted
    version: "1.1.7"
  w_transport:
    dependency: transitive
    description:
      name: w_transport
      url: "https://pub.dartlang.org"
    source: hosted
    version: "3.2.8"
  w_virtual_components:
    dependency: transitive
    description:
      name: w_virtual_components
      url: "https://pub.workiva.org"
    source: hosted
    version: "1.42.0"
  w_webdriver_utils:
    dependency: transitive
    description:
      name: w_webdriver_utils
      url: "https://pub.workiva.org"
    source: hosted
    version: "2.49.6"
  watcher:
    dependency: transitive
    description:
      name: watcher
      url: "https://pub.dartlang.org"
    source: hosted
    version: "0.9.7+15"
  wdesk_browser_environment:
    dependency: transitive
    description:
      name: wdesk_browser_environment
      url: "https://pub.workiva.org"
    source: hosted
    version: "1.1.1"
  wdesk_sdk:
    dependency: "direct main"
    description:
      name: wdesk_sdk
      url: "https://pub.workiva.org"
    source: hosted
    version: "2.216.1"
  wdesk_sdk_builders:
    dependency: transitive
    description:
      name: wdesk_sdk_builders
      url: "https://pub.workiva.org"
    source: hosted
    version: "1.2.1"
  web_skin:
    dependency: transitive
    description:
      name: web_skin
      url: "https://pub.workiva.org"
    source: hosted
    version: "1.74.1"
  web_skin_dart:
    dependency: "direct main"
    description:
      name: web_skin_dart
      url: "https://pub.workiva.org"
    source: hosted
    version: "2.46.3"
  web_socket_channel:
    dependency: transitive
    description:
      name: web_socket_channel
      url: "https://pub.dartlang.org"
    source: hosted
    version: "1.1.0"
  webdriver:
    dependency: transitive
    description:
      name: webdriver
      url: "https://pub.dartlang.org"
    source: hosted
    version: "2.0.0"
  webkit_inspection_protocol:
    dependency: transitive
    description:
      name: webkit_inspection_protocol
      url: "https://pub.dartlang.org"
    source: hosted
    version: "0.7.3"
  workiva_analysis_options:
    dependency: "direct dev"
    description:
      name: workiva_analysis_options
      url: "https://pub.dartlang.org"
    source: hosted
    version: "1.1.0"
  workspaces_api:
    dependency: transitive
    description:
      name: workspaces_api
      url: "https://pub.workiva.org"
    source: hosted
    version: "1.40.21"
  workspaces_components:
    dependency: transitive
    description:
      name: workspaces_components
      url: "https://pub.workiva.org"
    source: hosted
    version: "1.30.1"
  workspaces_frugal:
    dependency: transitive
    description:
      name: workspaces_frugal
      url: "https://pub.workiva.org"
    source: hosted
    version: "13.0.31"
  wuri_sdk:
    dependency: transitive
    description:
      name: wuri_sdk
      url: "https://pub.workiva.org"
    source: hosted
    version: "2.1.6"
  xml:
    dependency: transitive
    description:
      name: xml
      url: "https://pub.dartlang.org"
    source: hosted
    version: "4.2.0"
  yaml:
    dependency: transitive
    description:
      name: yaml
      url: "https://pub.dartlang.org"
    source: hosted
    version: "2.2.1"
sdks:
  dart: ">=2.7.1 <3.0.0"
